
Microsoft Visual Studio Solution File, Format Version 12.00
# Visual Studio Version 16
VisualStudioVersion = 16.0.28803.202
MinimumVisualStudioVersion = 10.0.40219.1
Project("{FAE04EC0-301F-11D3-BF4B-00C04F79EFBC}") = "Evaluation", "Evaluation\Evaluation.csproj", "{36D21035-F91B-432A-80B5-410743C9C51B}"
EndProject
Global
	GlobalSection(SolutionConfigurationPlatforms) = preSolution
		Debug|Any CPU = Debug|Any CPU
		Release|Any CPU = Release|Any CPU
	EndGlobalSection
	GlobalSection(ProjectConfigurationPlatforms) = postSolution
		{36D21035-F91B-432A-80B5-410743C9C51B}.Debug|Any CPU.ActiveCfg = Debug|Any CPU
		{36D21035-F91B-432A-80B5-410743C9C51B}.Debug|Any CPU.Build.0 = Debug|Any CPU
		{36D21035-F91B-432A-80B5-410743C9C51B}.Release|Any CPU.ActiveCfg = Release|Any CPU
		{36D21035-F91B-432A-80B5-410743C9C51B}.Release|Any CPU.Build.0 = Release|Any CPU
	EndGlobalSection
	GlobalSection(SolutionProperties) = preSolution
		HideSolutionNode = FALSE
	EndGlobalSection
	GlobalSection(ExtensibilityGlobals) = postSolution
		SolutionGuid = {749910D8-3175-4F6B-80CF-F7838805D53B}
	EndGlobalSection
EndGlobal
